// !$*UTF8*$!
{
	archiveVersion = 1;
	classes = {
	};
	objectVersion = 77;
	objects = {

/* Begin PBXContainerItemProxy section */
		CC3330752E78117A005BD37F /* PBXContainerItemProxy */ = {
			isa = PBXContainerItemProxy;
			containerPortal = CC33305F2E781179005BD37F /* Project object */;
			proxyType = 1;
			remoteGlobalIDString = CC3330662E781179005BD37F;
			remoteInfo = PhotoTTS;
		};
		CC33307F2E78117A005BD37F /* PBXContainerItemProxy */ = {
			isa = PBXContainerItemProxy;
			containerPortal = CC33305F2E781179005BD37F /* Project object */;
			proxyType = 1;
			remoteGlobalIDString = CC3330662E781179005BD37F;
			remoteInfo = PhotoTTS;
		};
/* End PBXContainerItemProxy section */

/* Begin PBXFileReference section */
		CC3330672E781179005BD37F /* PhotoTTS.app */ = {isa = PBXFileReference; explicitFileType = wrapper.application; includeInIndex = 0; path = PhotoTTS.app; sourceTree = BUILT_PRODUCTS_DIR; };
		CC3330742E78117A005BD37F /* PhotoTTSTests.xctest */ = {isa = PBXFileReference; explicitFileType = wrapper.cfbundle; includeInIndex = 0; path = PhotoTTSTests.xctest; sourceTree = BUILT_PRODUCTS_DIR; };
		CC33307E2E78117A005BD37F /* PhotoTTSUITests.xctest */ = {isa = PBXFileReference; explicitFileType = wrapper.cfbundle; includeInIndex = 0; path = PhotoTTSUITests.xctest; sourceTree = BUILT_PRODUCTS_DIR; };
/* End PBXFileReference section */

/* Begin PBXFileSystemSynchronizedRootGroup section */
		CC3330692E781179005BD37F /* PhotoTTS */ = {
			isa = PBXFileSystemSynchronizedRootGroup;
			path = PhotoTTS;
			sourceTree = "<group>";
		};
		CC3330772E78117A005BD37F /* PhotoTTSTests */ = {
			isa = PBXFileSystemSynchronizedRootGroup;
			path = PhotoTTSTests;
			sourceTree = "<group>";
		};
		CC3330812E78117A005BD37F /* PhotoTTSUITests */ = {
			isa = PBXFileSystemSynchronizedRootGroup;
			path = PhotoTTSUITests;
			sourceTree = "<group>";
		};
/* End PBXFileSystemSynchronizedRootGroup section */

/* Begin PBXFrameworksBuildPhase section */
		CC3330642E781179005BD37F /* Frameworks */ = {
			isa = PBXFrameworksBuildPhase;
			buildActionMask = 2147483647;
			files = (
			);
			runOnlyForDeploymentPostprocessing = 0;
		};
		CC3330712E78117A005BD37F /* Frameworks */ = {
			isa = PBXFrameworksBuildPhase;
			buildActionMask = 2147483647;
			files = (
			);
			runOnlyForDeploymentPostprocessing = 0;
		};
		CC33307B2E78117A005BD37F /* Frameworks */ = {
			isa = PBXFrameworksBuildPhase;
			buildActionMask = 2147483647;
			files = (
			);
			runOnlyForDeploymentPostprocessing = 0;
		};
/* End PBXFrameworksBuildPhase section */

/* Begin PBXGroup section */
		CC33305E2E781179005BD37F = {
			isa = PBXGroup;
			children = (
				CC3330692E781179005BD37F /* PhotoTTS */,
				CC3330772E78117A005BD37F /* PhotoTTSTests */,
				CC3330812E78117A005BD37F /* PhotoTTSUITests */,
				CC3330682E781179005BD37F /* Products */,
			);
			sourceTree = "<group>";
		};
		CC3330682E781179005BD37F /* Products */ = {
			isa = PBXGroup;
			children = (
				CC3330672E781179005BD37F /* PhotoTTS.app */,
				CC3330742E78117A005BD37F /* PhotoTTSTests.xctest */,
				CC33307E2E78117A005BD37F /* PhotoTTSUITests.xctest */,
			);
			name = Products;
			sourceTree = "<group>";
		};
/* End PBXGroup section */

/* Begin PBXNativeTarget section */
		CC3330662E781179005BD37F /* PhotoTTS */ = {
			isa = PBXNativeTarget;
			buildConfigurationList = CC3330882E78117A005BD37F /* Build configuration list for PBXNativeTarget "PhotoTTS" */;
			buildPhases = (
				CC3330632E781179005BD37F /* Sources */,
				CC3330642E781179005BD37F /* Frameworks */,
				CC3330652E781179005BD37F /* Resources */,
				CC3330912E78117A005BD37F /* Bump Build Version (Archive Only) */,
			);
			buildRules = (
			);
			dependencies = (
			);
			fileSystemSynchronizedGroups = (
				CC3330692E781179005BD37F /* PhotoTTS */,
			);
			name = PhotoTTS;
			packageProductDependencies = (
			);
			productName = PhotoTTS;
			productReference = CC3330672E781179005BD37F /* PhotoTTS.app */;
			productType = "com.apple.product-type.application";
		};
		CC3330732E78117A005BD37F /* PhotoTTSTests */ = {
			isa = PBXNativeTarget;
			buildConfigurationList = CC33308B2E78117A005BD37F /* Build configuration list for PBXNativeTarget "PhotoTTSTests" */;
			buildPhases = (
				CC3330702E78117A005BD37F /* Sources */,
				CC3330712E78117A005BD37F /* Frameworks */,
				CC3330722E78117A005BD37F /* Resources */,
			);
			buildRules = (
			);
			dependencies = (
				CC3330762E78117A005BD37F /* PBXTargetDependency */,
			);
			fileSystemSynchronizedGroups = (
				CC3330772E78117A005BD37F /* PhotoTTSTests */,
			);
			name = PhotoTTSTests;
			packageProductDependencies = (
			);
			productName = PhotoTTSTests;
			productReference = CC3330742E78117A005BD37F /* PhotoTTSTests.xctest */;
			productType = "com.apple.product-type.bundle.unit-test";
		};
		CC33307D2E78117A005BD37F /* PhotoTTSUITests */ = {
			isa = PBXNativeTarget;
			buildConfigurationList = CC33308E2E78117A005BD37F /* Build configuration list for PBXNativeTarget "PhotoTTSUITests" */;
			buildPhases = (
				CC33307A2E78117A005BD37F /* Sources */,
				CC33307B2E78117A005BD37F /* Frameworks */,
				CC33307C2E78117A005BD37F /* Resources */,
			);
			buildRules = (
			);
			dependencies = (
				CC3330802E78117A005BD37F /* PBXTargetDependency */,
			);
			fileSystemSynchronizedGroups = (
				CC3330812E78117A005BD37F /* PhotoTTSUITests */,
			);
			name = PhotoTTSUITests;
			packageProductDependencies = (
			);
			productName = PhotoTTSUITests;
			productReference = CC33307E2E78117A005BD37F /* PhotoTTSUITests.xctest */;
			productType = "com.apple.product-type.bundle.ui-testing";
		};
/* End PBXNativeTarget section */

/* Begin PBXProject section */
		CC33305F2E781179005BD37F /* Project object */ = {
			isa = PBXProject;
			attributes = {
				BuildIndependentTargetsInParallel = 1;
				LastSwiftUpdateCheck = 1640;
				LastUpgradeCheck = 2620;
				TargetAttributes = {
					CC3330662E781179005BD37F = {
						CreatedOnToolsVersion = 16.4;
					};
					CC3330732E78117A005BD37F = {
						CreatedOnToolsVersion = 16.4;
						TestTargetID = CC3330662E781179005BD37F;
					};
					CC33307D2E78117A005BD37F = {
						CreatedOnToolsVersion = 16.4;
						TestTargetID = CC3330662E781179005BD37F;
					};
				};
			};
			buildConfigurationList = CC3330622E781179005BD37F /* Build configuration list for PBXProject "PhotoTTS" */;
			developmentRegion = "zh-Hans";
			hasScannedForEncodings = 0;
			knownRegions = (
				en,
				"zh-Hans",
				Base,
			);
			mainGroup = CC33305E2E781179005BD37F;
			minimizedProjectReferenceProxies = 1;
			preferredProjectObjectVersion = 77;
			productRefGroup = CC3330682E781179005BD37F /* Products */;
			projectDirPath = "";
			projectRoot = "";
			targets = (
				CC3330662E781179005BD37F /* PhotoTTS */,
				CC3330732E78117A005BD37F /* PhotoTTSTests */,
				CC33307D2E78117A005BD37F /* PhotoTTSUITests */,
			);
		};
/* End PBXProject section */

/* Begin PBXResourcesBuildPhase section */
		CC3330652E781179005BD37F /* Resources */ = {
			isa = PBXResourcesBuildPhase;
			buildActionMask = 2147483647;
			files = (
			);
			runOnlyForDeploymentPostprocessing = 0;
		};
		CC3330722E78117A005BD37F /* Resources */ = {
			isa = PBXResourcesBuildPhase;
			buildActionMask = 2147483647;
			files = (
			);
			runOnlyForDeploymentPostprocessing = 0;
		};
		CC33307C2E78117A005BD37F /* Resources */ = {
			isa = PBXResourcesBuildPhase;
			buildActionMask = 2147483647;
			files = (
			);
			runOnlyForDeploymentPostprocessing = 0;
		};
/* End PBXResourcesBuildPhase section */

/* Begin PBXShellScriptBuildPhase section */
		CC3330912E78117A005BD37F /* Bump Build Version (Archive Only) */ = {
			isa = PBXShellScriptBuildPhase;
			alwaysOutOfDate = 1;
			buildActionMask = 2147483647;
			files = (
			);
			inputPaths = (
			);
			name = "Bump Build Version (Archive Only)";
			outputPaths = (
			);
			runOnlyForDeploymentPostprocessing = 0;
			shellPath = /bin/sh;
			shellScript = "# Only bump version during Archive\nif [ \"$ACTION\" != \"install\" ]; then\n    exit 0\nfi\n\n# 1. Bump version in project.pbxproj\n\"${SRCROOT}/scripts/sync-version.sh\" --bump\n\n# 2. Read new version and update built Info.plist\nNEW_VERSION=$(grep -m1 'CURRENT_PROJECT_VERSION = [0-9]' \"${PROJECT_FILE_PATH}/project.pbxproj\" | sed 's/.*= \\(.*\\);/\\1/')\nPLIST=\"${TARGET_BUILD_DIR}/${INFOPLIST_PATH}\"\nif [ -f \"$PLIST\" ]; then\n    /usr/libexec/PlistBuddy -c \"Set :CFBundleVersion ${NEW_VERSION}\" \"$PLIST\"\nfi\necho \"Archive: CFBundleVersion -> ${NEW_VERSION}\"\n";
		};
/* End PBXShellScriptBuildPhase section */

/* Begin PBXSourcesBuildPhase section */
		CC3330632E781179005BD37F /* Sources */ = {
			isa = PBXSourcesBuildPhase;
			buildActionMask = 2147483647;
			files = (
			);
			runOnlyForDeploymentPostprocessing = 0;
		};
		CC3330702E78117A005BD37F /* Sources */ = {
			isa = PBXSourcesBuildPhase;
			buildActionMask = 2147483647;
			files = (
			);
			runOnlyForDeploymentPostprocessing = 0;
		};
		CC33307A2E78117A005BD37F /* Sources */ = {
			isa = PBXSourcesBuildPhase;
			buildActionMask = 2147483647;
			files = (
			);
			runOnlyForDeploymentPostprocessing = 0;
		};
/* End PBXSourcesBuildPhase section */

/* Begin PBXTargetDependency section */
		CC3330762E78117A005BD37F /* PBXTargetDependency */ = {
			isa = PBXTargetDependency;
			target = CC3330662E781179005BD37F /* PhotoTTS */;
			targetProxy = CC3330752E78117A005BD37F /* PBXContainerItemProxy */;
		};
		CC3330802E78117A005BD37F /* PBXTargetDependency */ = {
			isa = PBXTargetDependency;
			target = CC3330662E781179005BD37F /* PhotoTTS */;
			targetProxy = CC33307F2E78117A005BD37F /* PBXContainerItemProxy */;
		};
/* End PBXTargetDependency section */

/* Begin XCBuildConfiguration section */
		CC3330862E78117A005BD37F /* Debug */ = {
			isa = XCBuildConfiguration;
			buildSettings = {
				ALWAYS_SEARCH_USER_PATHS = NO;
				ASSETCATALOG_COMPILER_GENERATE_SWIFT_ASSET_SYMBOL_EXTENSIONS = YES;
				CLANG_ANALYZER_NONNULL = YES;
				CLANG_ANALYZER_NUMBER_OBJECT_CONVERSION = YES_AGGRESSIVE;
				CLANG_CXX_LANGUAGE_STANDARD = "gnu++20";
				CLANG_ENABLE_MODULES = YES;
				CLANG_ENABLE_OBJC_ARC = YES;
				CLANG_ENABLE_OBJC_WEAK = YES;
				CLANG_WARN_BLOCK_CAPTURE_AUTORELEASING = YES;
				CLANG_WARN_BOOL_CONVERSION = YES;
				CLANG_WARN_COMMA = YES;
				CLANG_WARN_CONSTANT_CONVERSION = YES;
				CLANG_WARN_DEPRECATED_OBJC_IMPLEMENTATIONS = YES;
				CLANG_WARN_DIRECT_OBJC_ISA_USAGE = YES_ERROR;
				CLANG_WARN_DOCUMENTATION_COMMENTS = YES;
				CLANG_WARN_EMPTY_BODY = YES;
				CLANG_WARN_ENUM_CONVERSION = YES;
				CLANG_WARN_INFINITE_RECURSION = YES;
				CLANG_WARN_INT_CONVERSION = YES;
				CLANG_WARN_NON_LITERAL_NULL_CONVERSION = YES;
				CLANG_WARN_OBJC_IMPLICIT_RETAIN_SELF = YES;
				CLANG_WARN_OBJC_LITERAL_CONVERSION = YES;
				CLANG_WARN_OBJC_ROOT_CLASS = YES_ERROR;
				CLANG_WARN_QUOTED_INCLUDE_IN_FRAMEWORK_HEADER = YES;
				CLANG_WARN_RANGE_LOOP_ANALYSIS = YES;
				CLANG_WARN_STRICT_PROTOTYPES = YES;
				CLANG_WARN_SUSPICIOUS_MOVE = YES;
				CLANG_WARN_UNGUARDED_AVAILABILITY = YES_AGGRESSIVE;
				CLANG_WARN_UNREACHABLE_CODE = YES;
				CLANG_WARN__DUPLICATE_METHOD_MATCH = YES;
				COPY_PHASE_STRIP = NO;
				DEBUG_INFORMATION_FORMAT = dwarf;
				DEVELOPMENT_TEAM = M2C6N69KN2;
				ENABLE_STRICT_OBJC_MSGSEND = YES;
				ENABLE_TESTABILITY = YES;
				ENABLE_USER_SCRIPT_SANDBOXING = NO;
				GCC_C_LANGUAGE_STANDARD = gnu17;
				GCC_DYNAMIC_NO_PIC = NO;
				GCC_NO_COMMON_BLOCKS = YES;
				GCC_OPTIMIZATION_LEVEL = 0;
				GCC_PREPROCESSOR_DEFINITIONS = (
					"DEBUG=1",
					"$(inherited)",
				);
				GCC_WARN_64_TO_32_BIT_CONVERSION = YES;
				GCC_WARN_ABOUT_RETURN_TYPE = YES_ERROR;
				GCC_WARN_UNDECLARED_SELECTOR = YES;
				GCC_WARN_UNINITIALIZED_AUTOS = YES_AGGRESSIVE;
				GCC_WARN_UNUSED_FUNCTION = YES;
				GCC_WARN_UNUSED_VARIABLE = YES;
				IPHONEOS_DEPLOYMENT_TARGET = 18.1;
				LOCALIZATION_PREFERS_STRING_CATALOGS = YES;
				MTL_ENABLE_DEBUG_INFO = INCLUDE_SOURCE;
				MTL_FAST_MATH = YES;
				ONLY_ACTIVE_ARCH = YES;
				SDKROOT = iphoneos;
				SWIFT_ACTIVE_COMPILATION_CONDITIONS = "DEBUG $(inherited)";
				SWIFT_OPTIMIZATION_LEVEL = "-Onone";
			};
			name = Debug;
		};
		CC3330872E78117A005BD37F /* Release */ = {
			isa = XCBuildConfiguration;
			buildSettings = {
				ALWAYS_SEARCH_USER_PATHS = NO;
				ASSETCATALOG_COMPILER_GENERATE_SWIFT_ASSET_SYMBOL_EXTENSIONS = YES;
				CLANG_ANALYZER_NONNULL = YES;
				CLANG_ANALYZER_NUMBER_OBJECT_CONVERSION = YES_AGGRESSIVE;
				CLANG_CXX_LANGUAGE_STANDARD = "gnu++20";
				CLANG_ENABLE_MODULES = YES;
				CLANG_ENABLE_OBJC_ARC = YES;
				CLANG_ENABLE_OBJC_WEAK = YES;
				CLANG_WARN_BLOCK_CAPTURE_AUTORELEASING = YES;
				CLANG_WARN_BOOL_CONVERSION = YES;
				CLANG_WARN_COMMA = YES;
				CLANG_WARN_CONSTANT_CONVERSION = YES;
				CLANG_WARN_DEPRECATED_OBJC_IMPLEMENTATIONS = YES;
				CLANG_WARN_DIRECT_OBJC_ISA_USAGE = YES_ERROR;
				CLANG_WARN_DOCUMENTATION_COMMENTS = YES;
				CLANG_WARN_EMPTY_BODY = YES;
				CLANG_WARN_ENUM_CONVERSION = YES;
				CLANG_WARN_INFINITE_RECURSION = YES;
				CLANG_WARN_INT_CONVERSION = YES;
				CLANG_WARN_NON_LITERAL_NULL_CONVERSION = YES;
				CLANG_WARN_OBJC_IMPLICIT_RETAIN_SELF = YES;
				CLANG_WARN_OBJC_LITERAL_CONVERSION = YES;
				CLANG_WARN_OBJC_ROOT_CLASS = YES_ERROR;
				CLANG_WARN_QUOTED_INCLUDE_IN_FRAMEWORK_HEADER = YES;
				CLANG_WARN_RANGE_LOOP_ANALYSIS = YES;
				CLANG_WARN_STRICT_PROTOTYPES = YES;
				CLANG_WARN_SUSPICIOUS_MOVE = YES;
				CLANG_WARN_UNGUARDED_AVAILABILITY = YES_AGGRESSIVE;
				CLANG_WARN_UNREACHABLE_CODE = YES;
				CLANG_WARN__DUPLICATE_METHOD_MATCH = YES;
				COPY_PHASE_STRIP = NO;
				DEBUG_INFORMATION_FORMAT = "dwarf-with-dsym";
				DEVELOPMENT_TEAM = M2C6N69KN2;
				ENABLE_NS_ASSERTIONS = NO;
				ENABLE_STRICT_OBJC_MSGSEND = YES;
				ENABLE_USER_SCRIPT_SANDBOXING = NO;
				GCC_C_LANGUAGE_STANDARD = gnu17;
				GCC_NO_COMMON_BLOCKS = YES;
				GCC_WARN_64_TO_32_BIT_CONVERSION = YES;
				GCC_WARN_ABOUT_RETURN_TYPE = YES_ERROR;
				GCC_WARN_UNDECLARED_SELECTOR = YES;
				GCC_WARN_UNINITIALIZED_AUTOS = YES_AGGRESSIVE;
				GCC_WARN_UNUSED_FUNCTION = YES;
				GCC_WARN_UNUSED_VARIABLE = YES;
				IPHONEOS_DEPLOYMENT_TARGET = 18.1;
				LOCALIZATION_PREFERS_STRING_CATALOGS = YES;
				MTL_ENABLE_DEBUG_INFO = NO;
				MTL_FAST_MATH = YES;
				SDKROOT = iphoneos;
				SWIFT_COMPILATION_MODE = wholemodule;
				VALIDATE_PRODUCT = YES;
			};
			name = Release;
		};
		CC3330892E78117A005BD37F /* Debug */ = {
			isa = XCBuildConfiguration;
			buildSettings = {
				ASSETCATALOG_COMPILER_APPICON_NAME = AppIcon;
				ASSETCATALOG_COMPILER_GLOBAL_ACCENT_COLOR_NAME = AccentColor;
				CODE_SIGN_ENTITLEMENTS = PhotoTTS/PhotoTTS.entitlements;
				CODE_SIGN_IDENTITY = "Apple Development";
				CODE_SIGN_STYLE = Automatic;
				CURRENT_PROJECT_VERSION = 2.6.1;
				DEVELOPMENT_TEAM = M2C6N69KN2;
				ENABLE_PREVIEWS = YES;
				GENERATE_INFOPLIST_FILE = YES;
				INFOPLIST_KEY_ITSAppUsesNonExemptEncryption = NO;
				INFOPLIST_KEY_LSApplicationCategoryType = "public.app-category.education";
				INFOPLIST_KEY_LSSupportsOpeningDocumentsInPlace = YES;
				INFOPLIST_KEY_NSCameraUsageDescription = "Photo TTS需要访问相机来拍摄照片进行文字识别";
				INFOPLIST_KEY_NSDocumentsFolderUsageDescription = "Photo TTS需要访问文件存储来保存和加载会话记录";
				INFOPLIST_KEY_NSMicrophoneUsageDescription = "Photo TTS需要访问麦克风来录制音频";
				INFOPLIST_KEY_NSPhotoLibraryUsageDescription = "Photo TTS需要访问相册来选择照片进行文字识别";
				INFOPLIST_KEY_NSSiriUsageDescription = "用于语音控制播放绘本内容";
				INFOPLIST_KEY_UIApplicationSceneManifest_Generation = YES;
				INFOPLIST_KEY_UIApplicationSupportsIndirectInputEvents = YES;
				INFOPLIST_KEY_UIFileSharingEnabled = YES;
				INFOPLIST_KEY_UILaunchScreen_Generation = YES;
				INFOPLIST_KEY_UIRequiresFullScreen = YES;
				INFOPLIST_KEY_UISupportedInterfaceOrientations_iPad = "UIInterfaceOrientationPortrait UIInterfaceOrientationPortraitUpsideDown";
				INFOPLIST_KEY_UISupportedInterfaceOrientations_iPhone = "UIInterfaceOrientationPortrait UIInterfaceOrientationLandscapeLeft UIInterfaceOrientationLandscapeRight";
				LD_RUNPATH_SEARCH_PATHS = (
					"$(inherited)",
					"@executable_path/Frameworks",
				);
				MARKETING_VERSION = 2.6;
				PRODUCT_BUNDLE_IDENTIFIER = com.photoTTS.PhotoTTS;
				PRODUCT_NAME = "$(TARGET_NAME)";
				PROVISIONING_PROFILE_SPECIFIER = "";
				SWIFT_EMIT_LOC_STRINGS = YES;
				SWIFT_VERSION = 5.0;
				TARGETED_DEVICE_FAMILY = "1,2";
			};
			name = Debug;
		};
		CC33308A2E78117A005BD37F /* Release */ = {
			isa = XCBuildConfiguration;
			buildSettings = {
				ASSETCATALOG_COMPILER_APPICON_NAME = AppIcon;
				ASSETCATALOG_COMPILER_GLOBAL_ACCENT_COLOR_NAME = AccentColor;
				CODE_SIGN_ENTITLEMENTS = PhotoTTS/PhotoTTS.entitlements;
				CODE_SIGN_IDENTITY = "Apple Development";
				CODE_SIGN_STYLE = Automatic;
				CURRENT_PROJECT_VERSION = 2.6.1;
				DEVELOPMENT_TEAM = M2C6N69KN2;
				ENABLE_PREVIEWS = YES;
				GENERATE_INFOPLIST_FILE = YES;
				INFOPLIST_KEY_ITSAppUsesNonExemptEncryption = NO;
				INFOPLIST_KEY_LSApplicationCategoryType = "public.app-category.education";
				INFOPLIST_KEY_LSSupportsOpeningDocumentsInPlace = YES;
				INFOPLIST_KEY_NSCameraUsageDescription = "Photo TTS需要访问相机来拍摄照片进行文字识别";
				INFOPLIST_KEY_NSDocumentsFolderUsageDescription = "Photo TTS需要访问文件存储来保存和加载会话记录";
				INFOPLIST_KEY_NSMicrophoneUsageDescription = "Photo TTS需要访问麦克风来录制音频";
				INFOPLIST_KEY_NSPhotoLibraryUsageDescription = "Photo TTS需要访问相册来选择照片进行文字识别";
				INFOPLIST_KEY_NSSiriUsageDescription = "用于语音控制播放绘本内容";
				INFOPLIST_KEY_UIApplicationSceneManifest_Generation = YES;
				INFOPLIST_KEY_UIApplicationSupportsIndirectInputEvents = YES;
				INFOPLIST_KEY_UIFileSharingEnabled = YES;
				INFOPLIST_KEY_UILaunchScreen_Generation = YES;
				INFOPLIST_KEY_UIRequiresFullScreen = YES;
				INFOPLIST_KEY_UISupportedInterfaceOrientations_iPad = "UIInterfaceOrientationPortrait UIInterfaceOrientationPortraitUpsideDown";
				INFOPLIST_KEY_UISupportedInterfaceOrientations_iPhone = "UIInterfaceOrientationPortrait UIInterfaceOrientationLandscapeLeft UIInterfaceOrientationLandscapeRight";
				LD_RUNPATH_SEARCH_PATHS = (
					"$(inherited)",
					"@executable_path/Frameworks",
				);
				MARKETING_VERSION = 2.6;
				PRODUCT_BUNDLE_IDENTIFIER = com.photoTTS.PhotoTTS;
				PRODUCT_NAME = "$(TARGET_NAME)";
				PROVISIONING_PROFILE_SPECIFIER = "";
				SWIFT_EMIT_LOC_STRINGS = YES;
				SWIFT_VERSION = 5.0;
				TARGETED_DEVICE_FAMILY = "1,2";
			};
			name = Release;
		};
		CC33308C2E78117A005BD37F /* Debug */ = {
			isa = XCBuildConfiguration;
			buildSettings = {
				BUNDLE_LOADER = "$(TEST_HOST)";
				CODE_SIGN_STYLE = Automatic;
				CURRENT_PROJECT_VERSION = 1;
				DEVELOPMENT_TEAM = M2C6N69KN2;
				GENERATE_INFOPLIST_FILE = YES;
				IPHONEOS_DEPLOYMENT_TARGET = 18.1;
				MARKETING_VERSION = 2.6;
				PRODUCT_BUNDLE_IDENTIFIER = com.photoTTS.PhotoTTSTests;
				PRODUCT_NAME = "$(TARGET_NAME)";
				SWIFT_EMIT_LOC_STRINGS = NO;
				SWIFT_VERSION = 5.0;
				TARGETED_DEVICE_FAMILY = "1,2";
				TEST_HOST = "$(BUILT_PRODUCTS_DIR)/PhotoTTS.app/$(BUNDLE_EXECUTABLE_FOLDER_PATH)/PhotoTTS";
			};
			name = Debug;
		};
		CC33308D2E78117A005BD37F /* Release */ = {
			isa = XCBuildConfiguration;
			buildSettings = {
				BUNDLE_LOADER = "$(TEST_HOST)";
				CODE_SIGN_STYLE = Automatic;
				CURRENT_PROJECT_VERSION = 1;
				DEVELOPMENT_TEAM = M2C6N69KN2;
				GENERATE_INFOPLIST_FILE = YES;
				IPHONEOS_DEPLOYMENT_TARGET = 18.1;
				MARKETING_VERSION = 2.6;
				PRODUCT_BUNDLE_IDENTIFIER = com.photoTTS.PhotoTTSTests;
				PRODUCT_NAME = "$(TARGET_NAME)";
				SWIFT_EMIT_LOC_STRINGS = NO;
				SWIFT_VERSION = 5.0;
				TARGETED_DEVICE_FAMILY = "1,2";
				TEST_HOST = "$(BUILT_PRODUCTS_DIR)/PhotoTTS.app/$(BUNDLE_EXECUTABLE_FOLDER_PATH)/PhotoTTS";
			};
			name = Release;
		};
		CC33308F2E78117A005BD37F /* Debug */ = {
			isa = XCBuildConfiguration;
			buildSettings = {
				CODE_SIGN_STYLE = Automatic;
				CURRENT_PROJECT_VERSION = 1;
				DEVELOPMENT_TEAM = M2C6N69KN2;
				GENERATE_INFOPLIST_FILE = YES;
				MARKETING_VERSION = 2.6;
				PRODUCT_BUNDLE_IDENTIFIER = com.photoTTS.PhotoTTSUITests;
				PRODUCT_NAME = "$(TARGET_NAME)";
				SWIFT_EMIT_LOC_STRINGS = NO;
				SWIFT_VERSION = 5.0;
				TARGETED_DEVICE_FAMILY = "1,2";
				TEST_TARGET_NAME = PhotoTTS;
			};
			name = Debug;
		};
		CC3330902E78117A005BD37F /* Release */ = {
			isa = XCBuildConfiguration;
			buildSettings = {
				CODE_SIGN_STYLE = Automatic;
				CURRENT_PROJECT_VERSION = 1;
				DEVELOPMENT_TEAM = M2C6N69KN2;
				GENERATE_INFOPLIST_FILE = YES;
				MARKETING_VERSION = 2.6;
				PRODUCT_BUNDLE_IDENTIFIER = com.photoTTS.PhotoTTSUITests;
				PRODUCT_NAME = "$(TARGET_NAME)";
				SWIFT_EMIT_LOC_STRINGS = NO;
				SWIFT_VERSION = 5.0;
				TARGETED_DEVICE_FAMILY = "1,2";
				TEST_TARGET_NAME = PhotoTTS;
			};
			name = Release;
		};
/* End XCBuildConfiguration section */

/* Begin XCConfigurationList section */
		CC3330622E781179005BD37F /* Build configuration list for PBXProject "PhotoTTS" */ = {
			isa = XCConfigurationList;
			buildConfigurations = (
				CC3330862E78117A005BD37F /* Debug */,
				CC3330872E78117A005BD37F /* Release */,
			);
			defaultConfigurationIsVisible = 0;
			defaultConfigurationName = Release;
		};
		CC3330882E78117A005BD37F /* Build configuration list for PBXNativeTarget "PhotoTTS" */ = {
			isa = XCConfigurationList;
			buildConfigurations = (
				CC3330892E78117A005BD37F /* Debug */,
				CC33308A2E78117A005BD37F /* Release */,
			);
			defaultConfigurationIsVisible = 0;
			defaultConfigurationName = Release;
		};
		CC33308B2E78117A005BD37F /* Build configuration list for PBXNativeTarget "PhotoTTSTests" */ = {
			isa = XCConfigurationList;
			buildConfigurations = (
				CC33308C2E78117A005BD37F /* Debug */,
				CC33308D2E78117A005BD37F /* Release */,
			);
			defaultConfigurationIsVisible = 0;
			defaultConfigurationName = Release;
		};
		CC33308E2E78117A005BD37F /* Build configuration list for PBXNativeTarget "PhotoTTSUITests" */ = {
			isa = XCConfigurationList;
			buildConfigurations = (
				CC33308F2E78117A005BD37F /* Debug */,
				CC3330902E78117A005BD37F /* Release */,
			);
			defaultConfigurationIsVisible = 0;
			defaultConfigurationName = Release;
		};
/* End XCConfigurationList section */
	};
	rootObject = CC33305F2E781179005BD37F /* Project object */;
}
